// !$*UTF8*$!
{
	archiveVersion = 1;
	classes = {
	};
	objectVersion = 46;
	objects = {

/* Begin PBXBuildFile section */
		3B5DAB5119BA62DF006A77FB /* CMDAwesomeButton.h in CopyFiles */ = {isa = PBXBuildFile; fileRef = 3B5DAB5019BA62DF006A77FB /* CMDAwesomeButton.h */; };
		3B5DAB5319BA62DF006A77FB /* CMDAwesomeButton.m in Sources */ = {isa = PBXBuildFile; fileRef = 3B5DAB5219BA62DF006A77FB /* CMDAwesomeButton.m */; };
		3B5DAB6A19BA63F8006A77FB /* CMDAwesomeControl.m in Sources */ = {isa = PBXBuildFile; fileRef = 3B5DAB6919BA63F8006A77FB /* CMDAwesomeControl.m */; };
/* End PBXBuildFile section */

/* Begin PBXCopyFilesBuildPhase section */
		3B5DAB4B19BA62DF006A77FB /* CopyFiles */ = {
			isa = PBXCopyFilesBuildPhase;
			buildActionMask = 2147483647;
			dstPath = "include/$(PRODUCT_NAME)";
			dstSubfolderSpec = 16;
			files = (
				3B5DAB5119BA62DF006A77FB /* CMDAwesomeButton.h in CopyFiles */,
			);
			runOnlyForDeploymentPostprocessing = 0;
		};
/* End PBXCopyFilesBuildPhase section */

/* Begin PBXFileReference section */
		3B5DAB4D19BA62DF006A77FB /* libCMDAwesomeButton.a */ = {isa = PBXFileReference; explicitFileType = archive.ar; includeInIndex = 0; path = libCMDAwesomeButton.a; sourceTree = BUILT_PRODUCTS_DIR; };
		3B5DAB5019BA62DF006A77FB /* CMDAwesomeButton.h */ = {isa = PBXFileReference; lastKnownFileType = sourcecode.c.h; path = CMDAwesomeButton.h; sourceTree = "<group>"; };
		3B5DAB5219BA62DF006A77FB /* CMDAwesomeButton.m */ = {isa = PBXFileReference; lastKnownFileType = sourcecode.c.objc; path = CMDAwesomeButton.m; sourceTree = "<group>"; };
		3B5DAB6819BA63F8006A77FB /* CMDAwesomeControl.h */ = {isa = PBXFileReference; fileEncoding = 4; lastKnownFileType = sourcecode.c.h; path = CMDAwesomeControl.h; sourceTree = "<group>"; };
		3B5DAB6919BA63F8006A77FB /* CMDAwesomeControl.m */ = {isa = PBXFileReference; fileEncoding = 4; lastKnownFileType = sourcecode.c.objc; path = CMDAwesomeControl.m; sourceTree = "<group>"; };
/* End PBXFileReference section */

/* Begin PBXFrameworksBuildPhase section */
		3B5DAB4A19BA62DF006A77FB /* Frameworks */ = {
			isa = PBXFrameworksBuildPhase;
			buildActionMask = 2147483647;
			files = (
			);
			runOnlyForDeploymentPostprocessing = 0;
		};
/* End PBXFrameworksBuildPhase section */

/* Begin PBXGroup section */
		3B5DAB4419BA62DF006A77FB = {
			isa = PBXGroup;
			children = (
				3B5DAB4F19BA62DF006A77FB /* CMDAwesomeButton */,
				3B5DAB4E19BA62DF006A77FB /* Products */,
			);
			sourceTree = "<group>";
		};
		3B5DAB4E19BA62DF006A77FB /* Products */ = {
			isa = PBXGroup;
			children = (
				3B5DAB4D19BA62DF006A77FB /* libCMDAwesomeButton.a */,
			);
			name = Products;
			sourceTree = "<group>";
		};
		3B5DAB4F19BA62DF006A77FB /* CMDAwesomeButton */ = {
			isa = PBXGroup;
			children = (
				3B5DAB5019BA62DF006A77FB /* CMDAwesomeButton.h */,
				3B5DAB5219BA62DF006A77FB /* CMDAwesomeButton.m */,
				3B5DAB6819BA63F8006A77FB /* CMDAwesomeControl.h */,
				3B5DAB6919BA63F8006A77FB /* CMDAwesomeControl.m */,
			);
			path = CMDAwesomeButton;
			sourceTree = "<group>";
		};
/* End PBXGroup section */

/* Begin PBXNativeTarget section */
		3B5DAB4C19BA62DF006A77FB /* CMDAwesomeButton */ = {
			isa = PBXNativeTarget;
			buildConfigurationList = 3B5DAB5E19BA62E0006A77FB /* Build configuration list for PBXNativeTarget "CMDAwesomeButton" */;
			buildPhases = (
				3B5DAB4919BA62DF006A77FB /* Sources */,
				3B5DAB4A19BA62DF006A77FB /* Frameworks */,
				3B5DAB4B19BA62DF006A77FB /* CopyFiles */,
			);
			buildRules = (
			);
			dependencies = (
			);
			name = CMDAwesomeButton;
			productName = CMDAwesomeButton;
			productReference = 3B5DAB4D19BA62DF006A77FB /* libCMDAwesomeButton.a */;
			productType = "com.apple.product-type.library.static";
		};
/* End PBXNativeTarget section */

/* Begin PBXProject section */
		3B5DAB4519BA62DF006A77FB /* Project object */ = {
			isa = PBXProject;
			attributes = {
				LastUpgradeCheck = 0600;
				ORGANIZATIONNAME = "Caleb Davenport";
				TargetAttributes = {
					3B5DAB4C19BA62DF006A77FB = {
						CreatedOnToolsVersion = 6.0;
					};
				};
			};
			buildConfigurationList = 3B5DAB4819BA62DF006A77FB /* Build configuration list for PBXProject "CMDAwesomeButton" */;
			compatibilityVersion = "Xcode 3.2";
			developmentRegion = English;
			hasScannedForEncodings = 0;
			knownRegions = (
				en,
			);
			mainGroup = 3B5DAB4419BA62DF006A77FB;
			productRefGroup = 3B5DAB4E19BA62DF006A77FB /* Products */;
			projectDirPath = "";
			projectRoot = "";
			targets = (
				3B5DAB4C19BA62DF006A77FB /* CMDAwesomeButton */,
			);
		};
/* End PBXProject section */

/* Begin PBXSourcesBuildPhase section */
		3B5DAB4919BA62DF006A77FB /* Sources */ = {
			isa = PBXSourcesBuildPhase;
			buildActionMask = 2147483647;
			files = (
				3B5DAB5319BA62DF006A77FB /* CMDAwesomeButton.m in Sources */,
				3B5DAB6A19BA63F8006A77FB /* CMDAwesomeControl.m in Sources */,
			);
			runOnlyForDeploymentPostprocessing = 0;
		};
/* End PBXSourcesBuildPhase section */

/* Begin XCBuildConfiguration section */
		3B5DAB5C19BA62E0006A77FB /* Debug */ = {
			isa = XCBuildConfiguration;
			buildSettings = {
				ALWAYS_SEARCH_USER_PATHS = NO;
				CLANG_CXX_LANGUAGE_STANDARD = "gnu++0x";
				CLANG_CXX_LIBRARY = "libc++";
				CLANG_ENABLE_MODULES = YES;
				CLANG_ENABLE_OBJC_ARC = YES;
				CLANG_WARN_BOOL_CONVERSION = YES;
				CLANG_WARN_CONSTANT_CONVERSION = YES;
				CLANG_WARN_DIRECT_OBJC_ISA_USAGE = YES_ERROR;
				CLANG_WARN_EMPTY_BODY = YES;
				CLANG_WARN_ENUM_CONVERSION = YES;
				CLANG_WARN_INT_CONVERSION = YES;
				CLANG_WARN_OBJC_ROOT_CLASS = YES_ERROR;
				CLANG_WARN_UNREACHABLE_CODE = YES;
				CLANG_WARN__DUPLICATE_METHOD_MATCH = YES;
				COPY_PHASE_STRIP = NO;
				ENABLE_STRICT_OBJC_MSGSEND = YES;
				GCC_C_LANGUAGE_STANDARD = gnu99;
				GCC_DYNAMIC_NO_PIC = NO;
				GCC_OPTIMIZATION_LEVEL = 0;
				GCC_PREPROCESSOR_DEFINITIONS = (
					"DEBUG=1",
					"$(inherited)",
				);
				GCC_SYMBOLS_PRIVATE_EXTERN = NO;
				GCC_WARN_64_TO_32_BIT_CONVERSION = YES;
				GCC_WARN_ABOUT_RETURN_TYPE = YES_ERROR;
				GCC_WARN_UNDECLARED_SELECTOR = YES;
				GCC_WARN_UNINITIALIZED_AUTOS = YES_AGGRESSIVE;
				GCC_WARN_UNUSED_FUNCTION = YES;
				GCC_WARN_UNUSED_VARIABLE = YES;
				IPHONEOS_DEPLOYMENT_TARGET = 8.0;
				MTL_ENABLE_DEBUG_INFO = YES;
				ONLY_ACTIVE_ARCH = YES;
				SDKROOT = iphoneos;
			};
			name = Debug;
		};
		3B5DAB5D19BA62E0006A77FB /* Release */ = {
			isa = XCBuildConfiguration;
			buildSettings = {
				ALWAYS_SEARCH_USER_PATHS = NO;
				CLANG_CXX_LANGUAGE_STANDARD = "gnu++0x";
				CLANG_CXX_LIBRARY = "libc++";
				CLANG_ENABLE_MODULES = YES;
				CLANG_ENABLE_OBJC_ARC = YES;
				CLANG_WARN_BOOL_CONVERSION = YES;
				CLANG_WARN_CONSTANT_CONVERSION = YES;
				CLANG_WARN_DIRECT_OBJC_ISA_USAGE = YES_ERROR;
				CLANG_WARN_EMPTY_BODY = YES;
				CLANG_WARN_ENUM_CONVERSION = YES;
				CLANG_WARN_INT_CONVERSION = YES;
				CLANG_WARN_OBJC_ROOT_CLASS = YES_ERROR;
				CLANG_WARN_UNREACHABLE_CODE = YES;
				CLANG_WARN__DUPLICATE_METHOD_MATCH = YES;
				COPY_PHASE_STRIP = YES;
				ENABLE_NS_ASSERTIONS = NO;
				ENABLE_STRICT_OBJC_MSGSEND = YES;
				GCC_C_LANGUAGE_STANDARD = gnu99;
				GCC_WARN_64_TO_32_BIT_CONVERSION = YES;
				GCC_WARN_ABOUT_RETURN_TYPE = YES_ERROR;
				GCC_WARN_UNDECLARED_SELECTOR = YES;
				GCC_WARN_UNINITIALIZED_AUTOS = YES_AGGRESSIVE;
				GCC_WARN_UNUSED_FUNCTION = YES;
				GCC_WARN_UNUSED_VARIABLE = YES;
				IPHONEOS_DEPLOYMENT_TARGET = 8.0;
				MTL_ENABLE_DEBUG_INFO = NO;
				SDKROOT = iphoneos;
				VALIDATE_PRODUCT = YES;
			};
			name = Release;
		};
		3B5DAB5F19BA62E0006A77FB /* Debug */ = {
			isa = XCBuildConfiguration;
			buildSettings = {
				OTHER_LDFLAGS = "-ObjC";
				PRODUCT_NAME = "$(TARGET_NAME)";
				SKIP_INSTALL = YES;
			};
			name = Debug;
		};
		3B5DAB6019BA62E0006A77FB /* Release */ = {
			isa = XCBuildConfiguration;
			buildSettings = {
				OTHER_LDFLAGS = "-ObjC";
				PRODUCT_NAME = "$(TARGET_NAME)";
				SKIP_INSTALL = YES;
			};
			name = Release;
		};
/* End XCBuildConfiguration section */

/* Begin XCConfigurationList section */
		3B5DAB4819BA62DF006A77FB /* Build configuration list for PBXProject "CMDAwesomeButton" */ = {
			isa = XCConfigurationList;
			buildConfigurations = (
				3B5DAB5C19BA62E0006A77FB /* Debug */,
				3B5DAB5D19BA62E0006A77FB /* Release */,
			);
			defaultConfigurationIsVisible = 0;
			defaultConfigurationName = Release;
		};
		3B5DAB5E19BA62E0006A77FB /* Build configuration list for PBXNativeTarget "CMDAwesomeButton" */ = {
			isa = XCConfigurationList;
			buildConfigurations = (
				3B5DAB5F19BA62E0006A77FB /* Debug */,
				3B5DAB6019BA62E0006A77FB /* Release */,
			);
			defaultConfigurationIsVisible = 0;
			defaultConfigurationName = Release;
		};
/* End XCConfigurationList section */
	};
	rootObject = 3B5DAB4519BA62DF006A77FB /* Project object */;
}
